
Microsoft Visual Studio Solution File, Format Version 12.00
# Visual Studio Version 17
VisualStudioVersion = 17.4.33213.308
MinimumVisualStudioVersion = 10.0.40219.1
Project("{9A19103F-16F7-4668-BE54-9A1E7A4F7556}") = "labb2-PLB", "labb2-test\labb2-PLB.csproj", "{AFCEED5A-F2C7-4351-9C72-B82DE0DE002F}"
EndProject
Global
	GlobalSection(SolutionConfigurationPlatforms) = preSolution
		Debug|Any CPU = Debug|Any CPU
		Release|Any CPU = Release|Any CPU
	EndGlobalSection
	GlobalSection(ProjectConfigurationPlatforms) = postSolution
		{AFCEED5A-F2C7-4351-9C72-B82DE0DE002F}.Debug|Any CPU.ActiveCfg = Debug|Any CPU
		{AFCEED5A-F2C7-4351-9C72-B82DE0DE002F}.Debug|Any CPU.Build.0 = Debug|Any CPU
		{AFCEED5A-F2C7-4351-9C72-B82DE0DE002F}.Release|Any CPU.ActiveCfg = Release|Any CPU
		{AFCEED5A-F2C7-4351-9C72-B82DE0DE002F}.Release|Any CPU.Build.0 = Release|Any CPU
	EndGlobalSection
	GlobalSection(SolutionProperties) = preSolution
		HideSolutionNode = FALSE
	EndGlobalSection
	GlobalSection(ExtensibilityGlobals) = postSolution
		SolutionGuid = {E3C8813C-64DD-46FD-B165-9864EA082267}
	EndGlobalSection
EndGlobal
